// !$*UTF8*$!
{
	archiveVersion = 1;
	classes = {
	};
	objectVersion = 46;
	objects = {

/* Begin PBXBuildFile section */
		E82AD40E1D36E96A00A844EA /* Updates in Resources */ = {isa = PBXBuildFile; fileRef = E82AD40D1D36E96A00A844EA /* Updates */; };
		E82AD4101D36EAE400A844EA /* SnapchatHelper.swift in Sources */ = {isa = PBXBuildFile; fileRef = E82AD40F1D36EAE400A844EA /* SnapchatHelper.swift */; };
		E8F973A21D36DBFA001DCB9E /* AppDelegate.swift in Sources */ = {isa = PBXBuildFile; fileRef = E8F973A11D36DBFA001DCB9E /* AppDelegate.swift */; };
		E8F973A41D36DBFA001DCB9E /* ViewController.swift in Sources */ = {isa = PBXBuildFile; fileRef = E8F973A31D36DBFA001DCB9E /* ViewController.swift */; };
		E8F973A71D36DBFA001DCB9E /* Main.storyboard in Resources */ = {isa = PBXBuildFile; fileRef = E8F973A51D36DBFA001DCB9E /* Main.storyboard */; };
		E8F973A91D36DBFA001DCB9E /* Assets.xcassets in Resources */ = {isa = PBXBuildFile; fileRef = E8F973A81D36DBFA001DCB9E /* Assets.xcassets */; };
		E8F973AC1D36DBFA001DCB9E /* LaunchScreen.storyboard in Resources */ = {isa = PBXBuildFile; fileRef = E8F973AA1D36DBFA001DCB9E /* LaunchScreen.storyboard */; };
		E8F973B71D36DBFA001DCB9E /* SocialSwiftTests.swift in Sources */ = {isa = PBXBuildFile; fileRef = E8F973B61D36DBFA001DCB9E /* SocialSwiftTests.swift */; };
		E8F973C21D36DBFA001DCB9E /* SocialSwiftUITests.swift in Sources */ = {isa = PBXBuildFile; fileRef = E8F973C11D36DBFA001DCB9E /* SocialSwiftUITests.swift */; };
		E8F973D21D36DC4C001DCB9E /* URLHelper.swift in Sources */ = {isa = PBXBuildFile; fileRef = E8F973D11D36DC4C001DCB9E /* URLHelper.swift */; };
		E8F973D41D36DC61001DCB9E /* InstagramHelper.swift in Sources */ = {isa = PBXBuildFile; fileRef = E8F973D31D36DC61001DCB9E /* InstagramHelper.swift */; };
		E8F973D61D36DC74001DCB9E /* TwitterHelper.swift in Sources */ = {isa = PBXBuildFile; fileRef = E8F973D51D36DC74001DCB9E /* TwitterHelper.swift */; };
/* End PBXBuildFile section */

/* Begin PBXContainerItemProxy section */
		E8F973B31D36DBFA001DCB9E /* PBXContainerItemProxy */ = {
			isa = PBXContainerItemProxy;
			containerPortal = E8F973961D36DBFA001DCB9E /* Project object */;
			proxyType = 1;
			remoteGlobalIDString = E8F9739D1D36DBFA001DCB9E;
			remoteInfo = SocialSwift;
		};
		E8F973BE1D36DBFA001DCB9E /* PBXContainerItemProxy */ = {
			isa = PBXContainerItemProxy;
			containerPortal = E8F973961D36DBFA001DCB9E /* Project object */;
			proxyType = 1;
			remoteGlobalIDString = E8F9739D1D36DBFA001DCB9E;
			remoteInfo = SocialSwift;
		};
/* End PBXContainerItemProxy section */

/* Begin PBXFileReference section */
		E82AD40D1D36E96A00A844EA /* Updates */ = {isa = PBXFileReference; fileEncoding = 4; lastKnownFileType = text; path = Updates; sourceTree = "<group>"; };
		E82AD40F1D36EAE400A844EA /* SnapchatHelper.swift */ = {isa = PBXFileReference; fileEncoding = 4; lastKnownFileType = sourcecode.swift; path = SnapchatHelper.swift; sourceTree = "<group>"; };
		E8F9739E1D36DBFA001DCB9E /* SocialSwift.app */ = {isa = PBXFileReference; explicitFileType = wrapper.application; includeInIndex = 0; path = SocialSwift.app; sourceTree = BUILT_PRODUCTS_DIR; };
		E8F973A11D36DBFA001DCB9E /* AppDelegate.swift */ = {isa = PBXFileReference; lastKnownFileType = sourcecode.swift; path = AppDelegate.swift; sourceTree = "<group>"; };
		E8F973A31D36DBFA001DCB9E /* ViewController.swift */ = {isa = PBXFileReference; lastKnownFileType = sourcecode.swift; path = ViewController.swift; sourceTree = "<group>"; };
		E8F973A61D36DBFA001DCB9E /* Base */ = {isa = PBXFileReference; lastKnownFileType = file.storyboard; name = Base; path = Base.lproj/Main.storyboard; sourceTree = "<group>"; };
		E8F973A81D36DBFA001DCB9E /* Assets.xcassets */ = {isa = PBXFileReference; lastKnownFileType = folder.assetcatalog; path = Assets.xcassets; sourceTree = "<group>"; };
		E8F973AB1D36DBFA001DCB9E /* Base */ = {isa = PBXFileReference; lastKnownFileType = file.storyboard; name = Base; path = Base.lproj/LaunchScreen.storyboard; sourceTree = "<group>"; };
		E8F973AD1D36DBFA001DCB9E /* Info.plist */ = {isa = PBXFileReference; lastKnownFileType = text.plist.xml; path = Info.plist; sourceTree = "<group>"; };
		E8F973B21D36DBFA001DCB9E /* SocialSwiftTests.xctest */ = {isa = PBXFileReference; explicitFileType = wrapper.cfbundle; includeInIndex = 0; path = SocialSwiftTests.xctest; sourceTree = BUILT_PRODUCTS_DIR; };
		E8F973B61D36DBFA001DCB9E /* SocialSwiftTests.swift */ = {isa = PBXFileReference; lastKnownFileType = sourcecode.swift; path = SocialSwiftTests.swift; sourceTree = "<group>"; };
		E8F973B81D36DBFA001DCB9E /* Info.plist */ = {isa = PBXFileReference; lastKnownFileType = text.plist.xml; path = Info.plist; sourceTree = "<group>"; };
		E8F973BD1D36DBFA001DCB9E /* SocialSwiftUITests.xctest */ = {isa = PBXFileReference; explicitFileType = wrapper.cfbundle; includeInIndex = 0; path = SocialSwiftUITests.xctest; sourceTree = BUILT_PRODUCTS_DIR; };
		E8F973C11D36DBFA001DCB9E /* SocialSwiftUITests.swift */ = {isa = PBXFileReference; lastKnownFileType = sourcecode.swift; path = SocialSwiftUITests.swift; sourceTree = "<group>"; };
		E8F973C31D36DBFA001DCB9E /* Info.plist */ = {isa = PBXFileReference; lastKnownFileType = text.plist.xml; path = Info.plist; sourceTree = "<group>"; };
		E8F973D11D36DC4C001DCB9E /* URLHelper.swift */ = {isa = PBXFileReference; fileEncoding = 4; lastKnownFileType = sourcecode.swift; path = URLHelper.swift; sourceTree = "<group>"; };
		E8F973D31D36DC61001DCB9E /* InstagramHelper.swift */ = {isa = PBXFileReference; fileEncoding = 4; lastKnownFileType = sourcecode.swift; path = InstagramHelper.swift; sourceTree = "<group>"; };
		E8F973D51D36DC74001DCB9E /* TwitterHelper.swift */ = {isa = PBXFileReference; fileEncoding = 4; lastKnownFileType = sourcecode.swift; path = TwitterHelper.swift; sourceTree = "<group>"; };
/* End PBXFileReference section */

/* Begin PBXFrameworksBuildPhase section */
		E8F9739B1D36DBFA001DCB9E /* Frameworks */ = {
			isa = PBXFrameworksBuildPhase;
			buildActionMask = 2147483647;
			files = (
			);
			runOnlyForDeploymentPostprocessing = 0;
		};
		E8F973AF1D36DBFA001DCB9E /* Frameworks */ = {
			isa = PBXFrameworksBuildPhase;
			buildActionMask = 2147483647;
			files = (
			);
			runOnlyForDeploymentPostprocessing = 0;
		};
		E8F973BA1D36DBFA001DCB9E /* Frameworks */ = {
			isa = PBXFrameworksBuildPhase;
			buildActionMask = 2147483647;
			files = (
			);
			runOnlyForDeploymentPostprocessing = 0;
		};
/* End PBXFrameworksBuildPhase section */

/* Begin PBXGroup section */
		E8F973951D36DBFA001DCB9E = {
			isa = PBXGroup;
			children = (
				E8F973A01D36DBFA001DCB9E /* SocialSwift */,
				E8F973B51D36DBFA001DCB9E /* SocialSwiftTests */,
				E8F973C01D36DBFA001DCB9E /* SocialSwiftUITests */,
				E8F9739F1D36DBFA001DCB9E /* Products */,
			);
			sourceTree = "<group>";
		};
		E8F9739F1D36DBFA001DCB9E /* Products */ = {
			isa = PBXGroup;
			children = (
				E8F9739E1D36DBFA001DCB9E /* SocialSwift.app */,
				E8F973B21D36DBFA001DCB9E /* SocialSwiftTests.xctest */,
				E8F973BD1D36DBFA001DCB9E /* SocialSwiftUITests.xctest */,
			);
			name = Products;
			sourceTree = "<group>";
		};
		E8F973A01D36DBFA001DCB9E /* SocialSwift */ = {
			isa = PBXGroup;
			children = (
				E8F973A11D36DBFA001DCB9E /* AppDelegate.swift */,
				E8F973A31D36DBFA001DCB9E /* ViewController.swift */,
				E8F973D31D36DC61001DCB9E /* InstagramHelper.swift */,
				E8F973D51D36DC74001DCB9E /* TwitterHelper.swift */,
				E82AD40F1D36EAE400A844EA /* SnapchatHelper.swift */,
				E8F973D11D36DC4C001DCB9E /* URLHelper.swift */,
				E82AD40D1D36E96A00A844EA /* Updates */,
				E8F973A51D36DBFA001DCB9E /* Main.storyboard */,
				E8F973A81D36DBFA001DCB9E /* Assets.xcassets */,
				E8F973AA1D36DBFA001DCB9E /* LaunchScreen.storyboard */,
				E8F973AD1D36DBFA001DCB9E /* Info.plist */,
			);
			path = SocialSwift;
			sourceTree = "<group>";
		};
		E8F973B51D36DBFA001DCB9E /* SocialSwiftTests */ = {
			isa = PBXGroup;
			children = (
				E8F973B61D36DBFA001DCB9E /* SocialSwiftTests.swift */,
				E8F973B81D36DBFA001DCB9E /* Info.plist */,
			);
			path = SocialSwiftTests;
			sourceTree = "<group>";
		};
		E8F973C01D36DBFA001DCB9E /* SocialSwiftUITests */ = {
			isa = PBXGroup;
			children = (
				E8F973C11D36DBFA001DCB9E /* SocialSwiftUITests.swift */,
				E8F973C31D36DBFA001DCB9E /* Info.plist */,
			);
			path = SocialSwiftUITests;
			sourceTree = "<group>";
		};
/* End PBXGroup section */

/* Begin PBXNativeTarget section */
		E8F9739D1D36DBFA001DCB9E /* SocialSwift */ = {
			isa = PBXNativeTarget;
			buildConfigurationList = E8F973C61D36DBFA001DCB9E /* Build configuration list for PBXNativeTarget "SocialSwift" */;
			buildPhases = (
				E8F9739A1D36DBFA001DCB9E /* Sources */,
				E8F9739B1D36DBFA001DCB9E /* Frameworks */,
				E8F9739C1D36DBFA001DCB9E /* Resources */,
			);
			buildRules = (
			);
			dependencies = (
			);
			name = SocialSwift;
			productName = SocialSwift;
			productReference = E8F9739E1D36DBFA001DCB9E /* SocialSwift.app */;
			productType = "com.apple.product-type.application";
		};
		E8F973B11D36DBFA001DCB9E /* SocialSwiftTests */ = {
			isa = PBXNativeTarget;
			buildConfigurationList = E8F973C91D36DBFA001DCB9E /* Build configuration list for PBXNativeTarget "SocialSwiftTests" */;
			buildPhases = (
				E8F973AE1D36DBFA001DCB9E /* Sources */,
				E8F973AF1D36DBFA001DCB9E /* Frameworks */,
				E8F973B01D36DBFA001DCB9E /* Resources */,
			);
			buildRules = (
			);
			dependencies = (
				E8F973B41D36DBFA001DCB9E /* PBXTargetDependency */,
			);
			name = SocialSwiftTests;
			productName = SocialSwiftTests;
			productReference = E8F973B21D36DBFA001DCB9E /* SocialSwiftTests.xctest */;
			productType = "com.apple.product-type.bundle.unit-test";
		};
		E8F973BC1D36DBFA001DCB9E /* SocialSwiftUITests */ = {
			isa = PBXNativeTarget;
			buildConfigurationList = E8F973CC1D36DBFA001DCB9E /* Build configuration list for PBXNativeTarget "SocialSwiftUITests" */;
			buildPhases = (
				E8F973B91D36DBFA001DCB9E /* Sources */,
				E8F973BA1D36DBFA001DCB9E /* Frameworks */,
				E8F973BB1D36DBFA001DCB9E /* Resources */,
			);
			buildRules = (
			);
			dependencies = (
				E8F973BF1D36DBFA001DCB9E /* PBXTargetDependency */,
			);
			name = SocialSwiftUITests;
			productName = SocialSwiftUITests;
			productReference = E8F973BD1D36DBFA001DCB9E /* SocialSwiftUITests.xctest */;
			productType = "com.apple.product-type.bundle.ui-testing";
		};
/* End PBXNativeTarget section */

/* Begin PBXProject section */
		E8F973961D36DBFA001DCB9E /* Project object */ = {
			isa = PBXProject;
			attributes = {
				LastSwiftUpdateCheck = 0730;
				LastUpgradeCheck = 0730;
				ORGANIZATIONNAME = "Adar Butel";
				TargetAttributes = {
					E8F9739D1D36DBFA001DCB9E = {
						CreatedOnToolsVersion = 7.3.1;
					};
					E8F973B11D36DBFA001DCB9E = {
						CreatedOnToolsVersion = 7.3.1;
						TestTargetID = E8F9739D1D36DBFA001DCB9E;
					};
					E8F973BC1D36DBFA001DCB9E = {
						CreatedOnToolsVersion = 7.3.1;
						TestTargetID = E8F9739D1D36DBFA001DCB9E;
					};
				};
			};
			buildConfigurationList = E8F973991D36DBFA001DCB9E /* Build configuration list for PBXProject "SocialSwift" */;
			compatibilityVersion = "Xcode 3.2";
			developmentRegion = English;
			hasScannedForEncodings = 0;
			knownRegions = (
				en,
				Base,
			);
			mainGroup = E8F973951D36DBFA001DCB9E;
			productRefGroup = E8F9739F1D36DBFA001DCB9E /* Products */;
			projectDirPath = "";
			projectRoot = "";
			targets = (
				E8F9739D1D36DBFA001DCB9E /* SocialSwift */,
				E8F973B11D36DBFA001DCB9E /* SocialSwiftTests */,
				E8F973BC1D36DBFA001DCB9E /* SocialSwiftUITests */,
			);
		};
/* End PBXProject section */

/* Begin PBXResourcesBuildPhase section */
		E8F9739C1D36DBFA001DCB9E /* Resources */ = {
			isa = PBXResourcesBuildPhase;
			buildActionMask = 2147483647;
			files = (
				E8F973AC1D36DBFA001DCB9E /* LaunchScreen.storyboard in Resources */,
				E82AD40E1D36E96A00A844EA /* Updates in Resources */,
				E8F973A91D36DBFA001DCB9E /* Assets.xcassets in Resources */,
				E8F973A71D36DBFA001DCB9E /* Main.storyboard in Resources */,
			);
			runOnlyForDeploymentPostprocessing = 0;
		};
		E8F973B01D36DBFA001DCB9E /* Resources */ = {
			isa = PBXResourcesBuildPhase;
			buildActionMask = 2147483647;
			files = (
			);
			runOnlyForDeploymentPostprocessing = 0;
		};
		E8F973BB1D36DBFA001DCB9E /* Resources */ = {
			isa = PBXResourcesBuildPhase;
			buildActionMask = 2147483647;
			files = (
			);
			runOnlyForDeploymentPostprocessing = 0;
		};
/* End PBXResourcesBuildPhase section */

/* Begin PBXSourcesBuildPhase section */
		E8F9739A1D36DBFA001DCB9E /* Sources */ = {
			isa = PBXSourcesBuildPhase;
			buildActionMask = 2147483647;
			files = (
				E8F973D61D36DC74001DCB9E /* TwitterHelper.swift in Sources */,
				E8F973D21D36DC4C001DCB9E /* URLHelper.swift in Sources */,
				E8F973A41D36DBFA001DCB9E /* ViewController.swift in Sources */,
				E82AD4101D36EAE400A844EA /* SnapchatHelper.swift in Sources */,
				E8F973D41D36DC61001DCB9E /* InstagramHelper.swift in Sources */,
				E8F973A21D36DBFA001DCB9E /* AppDelegate.swift in Sources */,
			);
			runOnlyForDeploymentPostprocessing = 0;
		};
		E8F973AE1D36DBFA001DCB9E /* Sources */ = {
			isa = PBXSourcesBuildPhase;
			buildActionMask = 2147483647;
			files = (
				E8F973B71D36DBFA001DCB9E /* SocialSwiftTests.swift in Sources */,
			);
			runOnlyForDeploymentPostprocessing = 0;
		};
		E8F973B91D36DBFA001DCB9E /* Sources */ = {
			isa = PBXSourcesBuildPhase;
			buildActionMask = 2147483647;
			files = (
				E8F973C21D36DBFA001DCB9E /* SocialSwiftUITests.swift in Sources */,
			);
			runOnlyForDeploymentPostprocessing = 0;
		};
/* End PBXSourcesBuildPhase section */

/* Begin PBXTargetDependency section */
		E8F973B41D36DBFA001DCB9E /* PBXTargetDependency */ = {
			isa = PBXTargetDependency;
			target = E8F9739D1D36DBFA001DCB9E /* SocialSwift */;
			targetProxy = E8F973B31D36DBFA001DCB9E /* PBXContainerItemProxy */;
		};
		E8F973BF1D36DBFA001DCB9E /* PBXTargetDependency */ = {
			isa = PBXTargetDependency;
			target = E8F9739D1D36DBFA001DCB9E /* SocialSwift */;
			targetProxy = E8F973BE1D36DBFA001DCB9E /* PBXContainerItemProxy */;
		};
/* End PBXTargetDependency section */

/* Begin PBXVariantGroup section */
		E8F973A51D36DBFA001DCB9E /* Main.storyboard */ = {
			isa = PBXVariantGroup;
			children = (
				E8F973A61D36DBFA001DCB9E /* Base */,
			);
			name = Main.storyboard;
			sourceTree = "<group>";
		};
		E8F973AA1D36DBFA001DCB9E /* LaunchScreen.storyboard */ = {
			isa = PBXVariantGroup;
			children = (
				E8F973AB1D36DBFA001DCB9E /* Base */,
			);
			name = LaunchScreen.storyboard;
			sourceTree = "<group>";
		};
/* End PBXVariantGroup section */

/* Begin XCBuildConfiguration section */
		E8F973C41D36DBFA001DCB9E /* Debug */ = {
			isa = XCBuildConfiguration;
			buildSettings = {
				ALWAYS_SEARCH_USER_PATHS = NO;
				CLANG_ANALYZER_NONNULL = YES;
				CLANG_CXX_LANGUAGE_STANDARD = "gnu++0x";
				CLANG_CXX_LIBRARY = "libc++";
				CLANG_ENABLE_MODULES = YES;
				CLANG_ENABLE_OBJC_ARC = YES;
				CLANG_WARN_BOOL_CONVERSION = YES;
				CLANG_WARN_CONSTANT_CONVERSION = YES;
				CLANG_WARN_DIRECT_OBJC_ISA_USAGE = YES_ERROR;
				CLANG_WARN_EMPTY_BODY = YES;
				CLANG_WARN_ENUM_CONVERSION = YES;
				CLANG_WARN_INT_CONVERSION = YES;
				CLANG_WARN_OBJC_ROOT_CLASS = YES_ERROR;
				CLANG_WARN_UNREACHABLE_CODE = YES;
				CLANG_WARN__DUPLICATE_METHOD_MATCH = YES;
				"CODE_SIGN_IDENTITY[sdk=iphoneos*]" = "iPhone Developer";
				COPY_PHASE_STRIP = NO;
				DEBUG_INFORMATION_FORMAT = dwarf;
				ENABLE_STRICT_OBJC_MSGSEND = YES;
				ENABLE_TESTABILITY = YES;
				GCC_C_LANGUAGE_STANDARD = gnu99;
				GCC_DYNAMIC_NO_PIC = NO;
				GCC_NO_COMMON_BLOCKS = YES;
				GCC_OPTIMIZATION_LEVEL = 0;
				GCC_PREPROCESSOR_DEFINITIONS = (
					"DEBUG=1",
					"$(inherited)",
				);
				GCC_WARN_64_TO_32_BIT_CONVERSION = YES;
				GCC_WARN_ABOUT_RETURN_TYPE = YES_ERROR;
				GCC_WARN_UNDECLARED_SELECTOR = YES;
				GCC_WARN_UNINITIALIZED_AUTOS = YES_AGGRESSIVE;
				GCC_WARN_UNUSED_FUNCTION = YES;
				GCC_WARN_UNUSED_VARIABLE = YES;
				IPHONEOS_DEPLOYMENT_TARGET = 9.3;
				MTL_ENABLE_DEBUG_INFO = YES;
				ONLY_ACTIVE_ARCH = YES;
				SDKROOT = iphoneos;
				SWIFT_OPTIMIZATION_LEVEL = "-Onone";
				TARGETED_DEVICE_FAMILY = "1,2";
			};
			name = Debug;
		};
		E8F973C51D36DBFA001DCB9E /* Release */ = {
			isa = XCBuildConfiguration;
			buildSettings = {
				ALWAYS_SEARCH_USER_PATHS = NO;
				CLANG_ANALYZER_NONNULL = YES;
				CLANG_CXX_LANGUAGE_STANDARD = "gnu++0x";
				CLANG_CXX_LIBRARY = "libc++";
				CLANG_ENABLE_MODULES = YES;
				CLANG_ENABLE_OBJC_ARC = YES;
				CLANG_WARN_BOOL_CONVERSION = YES;
				CLANG_WARN_CONSTANT_CONVERSION = YES;
				CLANG_WARN_DIRECT_OBJC_ISA_USAGE = YES_ERROR;
				CLANG_WARN_EMPTY_BODY = YES;
				CLANG_WARN_ENUM_CONVERSION = YES;
				CLANG_WARN_INT_CONVERSION = YES;
				CLANG_WARN_OBJC_ROOT_CLASS = YES_ERROR;
				CLANG_WARN_UNREACHABLE_CODE = YES;
				CLANG_WARN__DUPLICATE_METHOD_MATCH = YES;
				"CODE_SIGN_IDENTITY[sdk=iphoneos*]" = "iPhone Developer";
				COPY_PHASE_STRIP = NO;
				DEBUG_INFORMATION_FORMAT = "dwarf-with-dsym";
				ENABLE_NS_ASSERTIONS = NO;
				ENABLE_STRICT_OBJC_MSGSEND = YES;
				GCC_C_LANGUAGE_STANDARD = gnu99;
				GCC_NO_COMMON_BLOCKS = YES;
				GCC_WARN_64_TO_32_BIT_CONVERSION = YES;
				GCC_WARN_ABOUT_RETURN_TYPE = YES_ERROR;
				GCC_WARN_UNDECLARED_SELECTOR = YES;
				GCC_WARN_UNINITIALIZED_AUTOS = YES_AGGRESSIVE;
				GCC_WARN_UNUSED_FUNCTION = YES;
				GCC_WARN_UNUSED_VARIABLE = YES;
				IPHONEOS_DEPLOYMENT_TARGET = 9.3;
				MTL_ENABLE_DEBUG_INFO = NO;
				SDKROOT = iphoneos;
				TARGETED_DEVICE_FAMILY = "1,2";
				VALIDATE_PRODUCT = YES;
			};
			name = Release;
		};
		E8F973C71D36DBFA001DCB9E /* Debug */ = {
			isa = XCBuildConfiguration;
			buildSettings = {
				ASSETCATALOG_COMPILER_APPICON_NAME = AppIcon;
				INFOPLIST_FILE = SocialSwift/Info.plist;
				LD_RUNPATH_SEARCH_PATHS = "$(inherited) @executable_path/Frameworks";
				PRODUCT_BUNDLE_IDENTIFIER = com.adarbutel.SocialSwift;
				PRODUCT_NAME = "$(TARGET_NAME)";
			};
			name = Debug;
		};
		E8F973C81D36DBFA001DCB9E /* Release */ = {
			isa = XCBuildConfiguration;
			buildSettings = {
				ASSETCATALOG_COMPILER_APPICON_NAME = AppIcon;
				INFOPLIST_FILE = SocialSwift/Info.plist;
				LD_RUNPATH_SEARCH_PATHS = "$(inherited) @executable_path/Frameworks";
				PRODUCT_BUNDLE_IDENTIFIER = com.adarbutel.SocialSwift;
				PRODUCT_NAME = "$(TARGET_NAME)";
			};
			name = Release;
		};
		E8F973CA1D36DBFA001DCB9E /* Debug */ = {
			isa = XCBuildConfiguration;
			buildSettings = {
				BUNDLE_LOADER = "$(TEST_HOST)";
				INFOPLIST_FILE = SocialSwiftTests/Info.plist;
				LD_RUNPATH_SEARCH_PATHS = "$(inherited) @executable_path/Frameworks @loader_path/Frameworks";
				PRODUCT_BUNDLE_IDENTIFIER = com.adarbutel.SocialSwiftTests;
				PRODUCT_NAME = "$(TARGET_NAME)";
				TEST_HOST = "$(BUILT_PRODUCTS_DIR)/SocialSwift.app/SocialSwift";
			};
			name = Debug;
		};
		E8F973CB1D36DBFA001DCB9E /* Release */ = {
			isa = XCBuildConfiguration;
			buildSettings = {
				BUNDLE_LOADER = "$(TEST_HOST)";
				INFOPLIST_FILE = SocialSwiftTests/Info.plist;
				LD_RUNPATH_SEARCH_PATHS = "$(inherited) @executable_path/Frameworks @loader_path/Frameworks";
				PRODUCT_BUNDLE_IDENTIFIER = com.adarbutel.SocialSwiftTests;
				PRODUCT_NAME = "$(TARGET_NAME)";
				TEST_HOST = "$(BUILT_PRODUCTS_DIR)/SocialSwift.app/SocialSwift";
			};
			name = Release;
		};
		E8F973CD1D36DBFA001DCB9E /* Debug */ = {
			isa = XCBuildConfiguration;
			buildSettings = {
				INFOPLIST_FILE = SocialSwiftUITests/Info.plist;
				LD_RUNPATH_SEARCH_PATHS = "$(inherited) @executable_path/Frameworks @loader_path/Frameworks";
				PRODUCT_BUNDLE_IDENTIFIER = com.adarbutel.SocialSwiftUITests;
				PRODUCT_NAME = "$(TARGET_NAME)";
				TEST_TARGET_NAME = SocialSwift;
			};
			name = Debug;
		};
		E8F973CE1D36DBFA001DCB9E /* Release */ = {
			isa = XCBuildConfiguration;
			buildSettings = {
				INFOPLIST_FILE = SocialSwiftUITests/Info.plist;
				LD_RUNPATH_SEARCH_PATHS = "$(inherited) @executable_path/Frameworks @loader_path/Frameworks";
				PRODUCT_BUNDLE_IDENTIFIER = com.adarbutel.SocialSwiftUITests;
				PRODUCT_NAME = "$(TARGET_NAME)";
				TEST_TARGET_NAME = SocialSwift;
			};
			name = Release;
		};
/* End XCBuildConfiguration section */

/* Begin XCConfigurationList section */
		E8F973991D36DBFA001DCB9E /* Build configuration list for PBXProject "SocialSwift" */ = {
			isa = XCConfigurationList;
			buildConfigurations = (
				E8F973C41D36DBFA001DCB9E /* Debug */,
				E8F973C51D36DBFA001DCB9E /* Release */,
			);
			defaultConfigurationIsVisible = 0;
			defaultConfigurationName = Release;
		};
		E8F973C61D36DBFA001DCB9E /* Build configuration list for PBXNativeTarget "SocialSwift" */ = {
			isa = XCConfigurationList;
			buildConfigurations = (
				E8F973C71D36DBFA001DCB9E /* Debug */,
				E8F973C81D36DBFA001DCB9E /* Release */,
			);
			defaultConfigurationIsVisible = 0;
			defaultConfigurationName = Release;
		};
		E8F973C91D36DBFA001DCB9E /* Build configuration list for PBXNativeTarget "SocialSwiftTests" */ = {
			isa = XCConfigurationList;
			buildConfigurations = (
				E8F973CA1D36DBFA001DCB9E /* Debug */,
				E8F973CB1D36DBFA001DCB9E /* Release */,
			);
			defaultConfigurationIsVisible = 0;
			defaultConfigurationName = Release;
		};
		E8F973CC1D36DBFA001DCB9E /* Build configuration list for PBXNativeTarget "SocialSwiftUITests" */ = {
			isa = XCConfigurationList;
			buildConfigurations = (
				E8F973CD1D36DBFA001DCB9E /* Debug */,
				E8F973CE1D36DBFA001DCB9E /* Release */,
			);
			defaultConfigurationIsVisible = 0;
			defaultConfigurationName = Release;
		};
/* End XCConfigurationList section */
	};
	rootObject = E8F973961D36DBFA001DCB9E /* Project object */;
}
